
Microsoft Visual Studio Solution File, Format Version 12.00
# Visual Studio 15
VisualStudioVersion = 15.0.27130.2010
MinimumVisualStudioVersion = 10.0.40219.1
Project("{FAE04EC0-301F-11D3-BF4B-00C04F79EFBC}") = "KSP-VORIndicator", "KSP-VORIndicator\KSP-VORIndicator.csproj", "{0A735872-9F4A-40CC-B7B7-71AE9D617AA3}"
EndProject
Global
	GlobalSection(SolutionConfigurationPlatforms) = preSolution
		Debug|Any CPU = Debug|Any CPU
		Release|Any CPU = Release|Any CPU
	EndGlobalSection
	GlobalSection(ProjectConfigurationPlatforms) = postSolution
		{0A735872-9F4A-40CC-B7B7-71AE9D617AA3}.Debug|Any CPU.ActiveCfg = Debug|Any CPU
		{0A735872-9F4A-40CC-B7B7-71AE9D617AA3}.Debug|Any CPU.Build.0 = Debug|Any CPU
		{0A735872-9F4A-40CC-B7B7-71AE9D617AA3}.Release|Any CPU.ActiveCfg = Release|Any CPU
		{0A735872-9F4A-40CC-B7B7-71AE9D617AA3}.Release|Any CPU.Build.0 = Release|Any CPU
	EndGlobalSection
	GlobalSection(SolutionProperties) = preSolution
		HideSolutionNode = FALSE
	EndGlobalSection
	GlobalSection(ExtensibilityGlobals) = postSolution
		SolutionGuid = {4D034DB1-3049-41BE-A88F-585993F16E9A}
	EndGlobalSection
EndGlobal
